
Microsoft Visual Studio Solution File, Format Version 9.00
# Visual Studio 2005
Project("{8BC9CEB8-8B4A-11D0-8D11-00A0C91BC942}") = "rtcore", "rtcore.vcproj", "{64BE44CC-2C93-4024-B023-A77120EF333D}"
EndProject
Project("{8BC9CEB8-8B4A-11D0-8D11-00A0C91BC942}") = "rtplugins", "rtplugins.vcproj", "{ED744B6A-5DBA-4734-8DD4-7214C17AB1F2}"
	ProjectSection(ProjectDependencies) = postProject
		{64BE44CC-2C93-4024-B023-A77120EF333D} = {64BE44CC-2C93-4024-B023-A77120EF333D}
	EndProjectSection
EndProject
Global
	GlobalSection(SolutionConfigurationPlatforms) = preSolution
		Debug|Win32 = Debug|Win32
		Release|Win32 = Release|Win32
	EndGlobalSection
	GlobalSection(ProjectConfigurationPlatforms) = postSolution
		{64BE44CC-2C93-4024-B023-A77120EF333D}.Debug|Win32.ActiveCfg = Debug|Win32
		{64BE44CC-2C93-4024-B023-A77120EF333D}.Debug|Win32.Build.0 = Debug|Win32
		{64BE44CC-2C93-4024-B023-A77120EF333D}.Release|Win32.ActiveCfg = Release|Win32
		{64BE44CC-2C93-4024-B023-A77120EF333D}.Release|Win32.Build.0 = Release|Win32
		{ED744B6A-5DBA-4734-8DD4-7214C17AB1F2}.Debug|Win32.ActiveCfg = Debug|Win32
		{ED744B6A-5DBA-4734-8DD4-7214C17AB1F2}.Debug|Win32.Build.0 = Debug|Win32
		{ED744B6A-5DBA-4734-8DD4-7214C17AB1F2}.Release|Win32.ActiveCfg = Release|Win32
		{ED744B6A-5DBA-4734-8DD4-7214C17AB1F2}.Release|Win32.Build.0 = Release|Win32
	EndGlobalSection
	GlobalSection(SolutionProperties) = preSolution
		HideSolutionNode = FALSE
	EndGlobalSection
EndGlobal
